PODS:
  - CHIPageControl/Chimayo (0.2)
  - MaterialComponents/ActivityIndicator (93.3.0):
    - MaterialComponents/Palettes
    - MaterialComponents/private/Application
    - MDFInternationalization
    - MotionAnimator (~> 2.0)
  - "MaterialComponents/ActivityIndicator+ColorThemer (93.3.0)":
    - MaterialComponents/ActivityIndicator
    - MaterialComponents/schemes/Color
  - MaterialComponents/Palettes (93.3.0)
  - MaterialComponents/private/Application (93.3.0)
  - MaterialComponents/private/Color (93.3.0)
  - MaterialComponents/schemes/Color (93.3.0):
    - MaterialComponents/private/Color
  - MDFInternationalization (2.0.0)
  - MotionAnimator (2.8.1):
    - MotionInterchange (~> 1.6)
  - MotionInterchange (1.6.0)
  - NVActivityIndicatorView (4.8.0):
    - NVActivityIndicatorView/Presenter (= 4.8.0)
  - NVActivityIndicatorView/AppExtension (4.8.0)
  - NVActivityIndicatorView/Presenter (4.8.0)

DEPENDENCIES:
  - CHIPageControl/Chimayo
  - MaterialComponents/ActivityIndicator
  - "MaterialComponents/ActivityIndicator+ColorThemer"
  - NVActivityIndicatorView
  - NVActivityIndicatorView/AppExtension

SPEC REPOS:
  trunk:
    - CHIPageControl
    - MaterialComponents
    - MDFInternationalization
    - MotionAnimator
    - MotionInterchange
    - NVActivityIndicatorView

SPEC CHECKSUMS:
  CHIPageControl: a787bf7205c9b7e7fbfc412be36c5e8636b68f86
  MaterialComponents: 6b2eb24aa0c1d1a6453f05a6bbe3ed6c80843161
  MDFInternationalization: 010097556d6b09d2c4ea38e0820ea6d37be6a314
  MotionAnimator: ee16aa30567c5bae0fb2750c132915829cfaaf8a
  MotionInterchange: ead0e3ae1f3a5fb539e289debbc7ae036160a10d
  NVActivityIndicatorView: d24b7ebcf80af5dcd994adb650e2b6c93379270f

PODFILE CHECKSUM: 5daf69465c6678d6b4fce19c0bf350c12ed774ea

COCOAPODS: 1.8.4
